
Microsoft Visual Studio Solution File, Format Version 12.00
# Visual Studio Version 16
VisualStudioVersion = 16.0.31515.178
MinimumVisualStudioVersion = 10.0.40219.1
Project("{8BC9CEB8-8B4A-11D0-8D11-00A0C91BC942}") = "OutRun3D", "OutRun3D\OutRun3D.vcxproj", "{5A1909B4-4079-47CA-A0AC-0FBB448B889F}"
EndProject
Global
	GlobalSection(SolutionConfigurationPlatforms) = preSolution
		Debug|x64 = Debug|x64
		Debug|x86 = Debug|x86
		Release|x64 = Release|x64
		Release|x86 = Release|x86
	EndGlobalSection
	GlobalSection(ProjectConfigurationPlatforms) = postSolution
		{5A1909B4-4079-47CA-A0AC-0FBB448B889F}.Debug|x64.ActiveCfg = Debug|x64
		{5A1909B4-4079-47CA-A0AC-0FBB448B889F}.Debug|x64.Build.0 = Debug|x64
		{5A1909B4-4079-47CA-A0AC-0FBB448B889F}.Debug|x86.ActiveCfg = Debug|Win32
		{5A1909B4-4079-47CA-A0AC-0FBB448B889F}.Debug|x86.Build.0 = Debug|Win32
		{5A1909B4-4079-47CA-A0AC-0FBB448B889F}.Release|x64.ActiveCfg = Release|x64
		{5A1909B4-4079-47CA-A0AC-0FBB448B889F}.Release|x64.Build.0 = Release|x64
		{5A1909B4-4079-47CA-A0AC-0FBB448B889F}.Release|x86.ActiveCfg = Release|Win32
		{5A1909B4-4079-47CA-A0AC-0FBB448B889F}.Release|x86.Build.0 = Release|Win32
	EndGlobalSection
	GlobalSection(SolutionProperties) = preSolution
		HideSolutionNode = FALSE
	EndGlobalSection
	GlobalSection(ExtensibilityGlobals) = postSolution
		SolutionGuid = {C55C8124-77F4-40D5-9D67-B0C6204A692E}
	EndGlobalSection
EndGlobal
